// !$*UTF8*$!
{
	archiveVersion = 1;
	classes = {
	};
	objectVersion = 46;
	objects = {

/* Begin PBXBuildFile section */
		5E71BBAD1B9E5CB900628AFA /* AppDelegate.swift in Sources */ = {isa = PBXBuildFile; fileRef = 5E71BBAC1B9E5CB900628AFA /* AppDelegate.swift */; };
		5E71BBAF1B9E5CB900628AFA /* ViewController.swift in Sources */ = {isa = PBXBuildFile; fileRef = 5E71BBAE1B9E5CB900628AFA /* ViewController.swift */; };
		5E71BBB21B9E5CB900628AFA /* Main.storyboard in Resources */ = {isa = PBXBuildFile; fileRef = 5E71BBB01B9E5CB900628AFA /* Main.storyboard */; };
		5E71BBB41B9E5CB900628AFA /* Images.xcassets in Resources */ = {isa = PBXBuildFile; fileRef = 5E71BBB31B9E5CB900628AFA /* Images.xcassets */; };
		5E71BBB71B9E5CB900628AFA /* LaunchScreen.xib in Resources */ = {isa = PBXBuildFile; fileRef = 5E71BBB51B9E5CB900628AFA /* LaunchScreen.xib */; };
		5E71BBC31B9E5CB900628AFA /* iReceiptsTests.swift in Sources */ = {isa = PBXBuildFile; fileRef = 5E71BBC21B9E5CB900628AFA /* iReceiptsTests.swift */; };
		5E9AD5161CCAB7F8007A7221 /* remindersList.swift in Sources */ = {isa = PBXBuildFile; fileRef = 5E9AD5151CCAB7F8007A7221 /* remindersList.swift */; };
		5E9AD5181CCAB807007A7221 /* individualReminder.swift in Sources */ = {isa = PBXBuildFile; fileRef = 5E9AD5171CCAB807007A7221 /* individualReminder.swift */; };
		5EA865A31B9F8D9F006F57D9 /* businessf.png in Resources */ = {isa = PBXBuildFile; fileRef = 5EA8659F1B9F8D9F006F57D9 /* businessf.png */; };
		5EA865A51B9F8D9F006F57D9 /* personalf.png in Resources */ = {isa = PBXBuildFile; fileRef = 5EA865A11B9F8D9F006F57D9 /* personalf.png */; };
		5EA865A91B9F8ECF006F57D9 /* businessuf.png in Resources */ = {isa = PBXBuildFile; fileRef = 5EA865A71B9F8ECF006F57D9 /* businessuf.png */; };
		5EA865AA1B9F8ECF006F57D9 /* personaluf.png in Resources */ = {isa = PBXBuildFile; fileRef = 5EA865A81B9F8ECF006F57D9 /* personaluf.png */; };
		5EA865AD1B9F97C4006F57D9 /* paymentf.png in Resources */ = {isa = PBXBuildFile; fileRef = 5EA865AB1B9F97C4006F57D9 /* paymentf.png */; };
		5EA865AE1B9F97C4006F57D9 /* paymentuf.png in Resources */ = {isa = PBXBuildFile; fileRef = 5EA865AC1B9F97C4006F57D9 /* paymentuf.png */; };
		5EA865B11B9F9C6C006F57D9 /* checked.png in Resources */ = {isa = PBXBuildFile; fileRef = 5EA865AF1B9F9C6C006F57D9 /* checked.png */; };
		5EA865B21B9F9C6C006F57D9 /* unchecked.png in Resources */ = {isa = PBXBuildFile; fileRef = 5EA865B01B9F9C6C006F57D9 /* unchecked.png */; };
		5EA865B61BA23F2C006F57D9 /* itpurectangle.png in Resources */ = {isa = PBXBuildFile; fileRef = 5EA865B51BA23F2C006F57D9 /* itpurectangle.png */; };
		5EA865B91BA241E0006F57D9 /* itpurectanglem.png in Resources */ = {isa = PBXBuildFile; fileRef = 5EA865B71BA241E0006F57D9 /* itpurectanglem.png */; };
		5EA865BA1BA241E0006F57D9 /* itpurectangles.png in Resources */ = {isa = PBXBuildFile; fileRef = 5EA865B81BA241E0006F57D9 /* itpurectangles.png */; };
		5EA865BC1BA2472F006F57D9 /* nRecViewController.swift in Sources */ = {isa = PBXBuildFile; fileRef = 5EA865BB1BA2472F006F57D9 /* nRecViewController.swift */; };
		5EA865BE1BA24D2E006F57D9 /* listOfTrips.swift in Sources */ = {isa = PBXBuildFile; fileRef = 5EA865BD1BA24D2E006F57D9 /* listOfTrips.swift */; };
		5EA865C01BA25D0D006F57D9 /* individualTrip.swift in Sources */ = {isa = PBXBuildFile; fileRef = 5EA865BF1BA25D0D006F57D9 /* individualTrip.swift */; };
		5EA865C61BA2695F006F57D9 /* creditCardList.swift in Sources */ = {isa = PBXBuildFile; fileRef = 5EA865C51BA2695F006F57D9 /* creditCardList.swift */; };
		5EA865C81BA26970006F57D9 /* individualCard.swift in Sources */ = {isa = PBXBuildFile; fileRef = 5EA865C71BA26970006F57D9 /* individualCard.swift */; };
		5EA865CA1BA383DB006F57D9 /* chooseCard.swift in Sources */ = {isa = PBXBuildFile; fileRef = 5EA865C91BA383DB006F57D9 /* chooseCard.swift */; };
		5EA865CC1BA3878E006F57D9 /* datePicker.swift in Sources */ = {isa = PBXBuildFile; fileRef = 5EA865CB1BA3878E006F57D9 /* datePicker.swift */; };
		5EA865CE1BA4865D006F57D9 /* chooseTrip.swift in Sources */ = {isa = PBXBuildFile; fileRef = 5EA865CD1BA4865D006F57D9 /* chooseTrip.swift */; };
		5EA865D01BA8DBE6006F57D9 /* imageoutline.png in Resources */ = {isa = PBXBuildFile; fileRef = 5EA865CF1BA8DBE6006F57D9 /* imageoutline.png */; };
		5EA865D61BA8DD3C006F57D9 /* photo2.png in Resources */ = {isa = PBXBuildFile; fileRef = 5EA865D51BA8DD3C006F57D9 /* photo2.png */; };
		5EA865D81BA8DE20006F57D9 /* chooseImage.swift in Sources */ = {isa = PBXBuildFile; fileRef = 5EA865D71BA8DE20006F57D9 /* chooseImage.swift */; };
		5EA865DA1BA8E013006F57D9 /* camera.png in Resources */ = {isa = PBXBuildFile; fileRef = 5EA865D91BA8E013006F57D9 /* camera.png */; };
		5EA865DE1BA8E1A5006F57D9 /* imageborder.png in Resources */ = {isa = PBXBuildFile; fileRef = 5EA865DD1BA8E1A5006F57D9 /* imageborder.png */; };
		5EAA067B1CC2CBB800628730 /* itemPicker.swift in Sources */ = {isa = PBXBuildFile; fileRef = 5EAA067A1CC2CBB800628730 /* itemPicker.swift */; };
		5EBF2DDE1CC30F5400C84A4F /* receiptController.swift in Sources */ = {isa = PBXBuildFile; fileRef = 5EBF2DDD1CC30F5400C84A4F /* receiptController.swift */; };
		5EBF2DE21CC3194D00C84A4F /* delete.png in Resources */ = {isa = PBXBuildFile; fileRef = 5EBF2DE11CC3194D00C84A4F /* delete.png */; };
		5EBF2DE91CC31E8800C84A4F /* Businessreceipt.png in Resources */ = {isa = PBXBuildFile; fileRef = 5EBF2DE71CC31E8800C84A4F /* Businessreceipt.png */; };
		5EBF2DEA1CC31E8800C84A4F /* Personalreceipt.png in Resources */ = {isa = PBXBuildFile; fileRef = 5EBF2DE81CC31E8800C84A4F /* Personalreceipt.png */; };
		5EBF2DEC1CC3281D00C84A4F /* receiptTableCell.swift in Sources */ = {isa = PBXBuildFile; fileRef = 5EBF2DEB1CC3281D00C84A4F /* receiptTableCell.swift */; };
		5EBF2DEE1CC3325F00C84A4F /* Data.swift in Sources */ = {isa = PBXBuildFile; fileRef = 5EBF2DED1CC3325F00C84A4F /* Data.swift */; };
		5EBF2DF11CC341FB00C84A4F /* Personalback.png in Resources */ = {isa = PBXBuildFile; fileRef = 5EBF2DEF1CC341FB00C84A4F /* Personalback.png */; };
		5EBF2DF21CC341FB00C84A4F /* Businessback.png in Resources */ = {isa = PBXBuildFile; fileRef = 5EBF2DF01CC341FB00C84A4F /* Businessback.png */; };
		5EBF2DF81CC3499900C84A4F /* singleReceipt.swift in Sources */ = {isa = PBXBuildFile; fileRef = 5EBF2DF71CC3499900C84A4F /* singleReceipt.swift */; };
/* End PBXBuildFile section */

/* Begin PBXContainerItemProxy section */
		5E71BBBD1B9E5CB900628AFA /* PBXContainerItemProxy */ = {
			isa = PBXContainerItemProxy;
			containerPortal = 5E71BB9F1B9E5CB900628AFA /* Project object */;
			proxyType = 1;
			remoteGlobalIDString = 5E71BBA61B9E5CB900628AFA;
			remoteInfo = iReceipts;
		};
/* End PBXContainerItemProxy section */

/* Begin PBXFileReference section */
		5E71BBA71B9E5CB900628AFA /* iReceipts.app */ = {isa = PBXFileReference; explicitFileType = wrapper.application; includeInIndex = 0; path = iReceipts.app; sourceTree = BUILT_PRODUCTS_DIR; };
		5E71BBAB1B9E5CB900628AFA /* Info.plist */ = {isa = PBXFileReference; lastKnownFileType = text.plist.xml; path = Info.plist; sourceTree = "<group>"; };
		5E71BBAC1B9E5CB900628AFA /* AppDelegate.swift */ = {isa = PBXFileReference; lastKnownFileType = sourcecode.swift; path = AppDelegate.swift; sourceTree = "<group>"; };
		5E71BBAE1B9E5CB900628AFA /* ViewController.swift */ = {isa = PBXFileReference; lastKnownFileType = sourcecode.swift; path = ViewController.swift; sourceTree = "<group>"; };
		5E71BBB11B9E5CB900628AFA /* Base */ = {isa = PBXFileReference; lastKnownFileType = file.storyboard; name = Base; path = Base.lproj/Main.storyboard; sourceTree = "<group>"; };
		5E71BBB31B9E5CB900628AFA /* Images.xcassets */ = {isa = PBXFileReference; lastKnownFileType = folder.assetcatalog; path = Images.xcassets; sourceTree = "<group>"; };
		5E71BBB61B9E5CB900628AFA /* Base */ = {isa = PBXFileReference; lastKnownFileType = file.xib; name = Base; path = Base.lproj/LaunchScreen.xib; sourceTree = "<group>"; };
		5E71BBBC1B9E5CB900628AFA /* iReceiptsTests.xctest */ = {isa = PBXFileReference; explicitFileType = wrapper.cfbundle; includeInIndex = 0; path = iReceiptsTests.xctest; sourceTree = BUILT_PRODUCTS_DIR; };
		5E71BBC11B9E5CB900628AFA /* Info.plist */ = {isa = PBXFileReference; lastKnownFileType = text.plist.xml; path = Info.plist; sourceTree = "<group>"; };
		5E71BBC21B9E5CB900628AFA /* iReceiptsTests.swift */ = {isa = PBXFileReference; lastKnownFileType = sourcecode.swift; path = iReceiptsTests.swift; sourceTree = "<group>"; };
		5E9AD5151CCAB7F8007A7221 /* remindersList.swift */ = {isa = PBXFileReference; fileEncoding = 4; lastKnownFileType = sourcecode.swift; path = remindersList.swift; sourceTree = "<group>"; };
		5E9AD5171CCAB807007A7221 /* individualReminder.swift */ = {isa = PBXFileReference; fileEncoding = 4; lastKnownFileType = sourcecode.swift; path = individualReminder.swift; sourceTree = "<group>"; };
		5EA8659F1B9F8D9F006F57D9 /* businessf.png */ = {isa = PBXFileReference; lastKnownFileType = image.png; path = businessf.png; sourceTree = "<group>"; };
		5EA865A11B9F8D9F006F57D9 /* personalf.png */ = {isa = PBXFileReference; lastKnownFileType = image.png; path = personalf.png; sourceTree = "<group>"; };
		5EA865A71B9F8ECF006F57D9 /* businessuf.png */ = {isa = PBXFileReference; lastKnownFileType = image.png; path = businessuf.png; sourceTree = "<group>"; };
		5EA865A81B9F8ECF006F57D9 /* personaluf.png */ = {isa = PBXFileReference; lastKnownFileType = image.png; path = personaluf.png; sourceTree = "<group>"; };
		5EA865AB1B9F97C4006F57D9 /* paymentf.png */ = {isa = PBXFileReference; lastKnownFileType = image.png; path = paymentf.png; sourceTree = "<group>"; };
		5EA865AC1B9F97C4006F57D9 /* paymentuf.png */ = {isa = PBXFileReference; lastKnownFileType = image.png; path = paymentuf.png; sourceTree = "<group>"; };
		5EA865AF1B9F9C6C006F57D9 /* checked.png */ = {isa = PBXFileReference; lastKnownFileType = image.png; path = checked.png; sourceTree = "<group>"; };
		5EA865B01B9F9C6C006F57D9 /* unchecked.png */ = {isa = PBXFileReference; lastKnownFileType = image.png; path = unchecked.png; sourceTree = "<group>"; };
		5EA865B51BA23F2C006F57D9 /* itpurectangle.png */ = {isa = PBXFileReference; lastKnownFileType = image.png; path = itpurectangle.png; sourceTree = "<group>"; };
		5EA865B71BA241E0006F57D9 /* itpurectanglem.png */ = {isa = PBXFileReference; lastKnownFileType = image.png; path = itpurectanglem.png; sourceTree = "<group>"; };
		5EA865B81BA241E0006F57D9 /* itpurectangles.png */ = {isa = PBXFileReference; lastKnownFileType = image.png; path = itpurectangles.png; sourceTree = "<group>"; };
		5EA865BB1BA2472F006F57D9 /* nRecViewController.swift */ = {isa = PBXFileReference; fileEncoding = 4; lastKnownFileType = sourcecode.swift; path = nRecViewController.swift; sourceTree = "<group>"; };
		5EA865BD1BA24D2E006F57D9 /* listOfTrips.swift */ = {isa = PBXFileReference; fileEncoding = 4; lastKnownFileType = sourcecode.swift; path = listOfTrips.swift; sourceTree = "<group>"; };
		5EA865BF1BA25D0D006F57D9 /* individualTrip.swift */ = {isa = PBXFileReference; fileEncoding = 4; lastKnownFileType = sourcecode.swift; path = individualTrip.swift; sourceTree = "<group>"; };
		5EA865C51BA2695F006F57D9 /* creditCardList.swift */ = {isa = PBXFileReference; fileEncoding = 4; lastKnownFileType = sourcecode.swift; path = creditCardList.swift; sourceTree = "<group>"; };
		5EA865C71BA26970006F57D9 /* individualCard.swift */ = {isa = PBXFileReference; fileEncoding = 4; lastKnownFileType = sourcecode.swift; path = individualCard.swift; sourceTree = "<group>"; };
		5EA865C91BA383DB006F57D9 /* chooseCard.swift */ = {isa = PBXFileReference; fileEncoding = 4; lastKnownFileType = sourcecode.swift; path = chooseCard.swift; sourceTree = "<group>"; };
		5EA865CB1BA3878E006F57D9 /* datePicker.swift */ = {isa = PBXFileReference; fileEncoding = 4; lastKnownFileType = sourcecode.swift; path = datePicker.swift; sourceTree = "<group>"; };
		5EA865CD1BA4865D006F57D9 /* chooseTrip.swift */ = {isa = PBXFileReference; fileEncoding = 4; lastKnownFileType = sourcecode.swift; path = chooseTrip.swift; sourceTree = "<group>"; };
		5EA865CF1BA8DBE6006F57D9 /* imageoutline.png */ = {isa = PBXFileReference; lastKnownFileType = image.png; path = imageoutline.png; sourceTree = "<group>"; };
		5EA865D51BA8DD3C006F57D9 /* photo2.png */ = {isa = PBXFileReference; lastKnownFileType = image.png; path = photo2.png; sourceTree = "<group>"; };
		5EA865D71BA8DE20006F57D9 /* chooseImage.swift */ = {isa = PBXFileReference; fileEncoding = 4; lastKnownFileType = sourcecode.swift; path = chooseImage.swift; sourceTree = "<group>"; };
		5EA865D91BA8E013006F57D9 /* camera.png */ = {isa = PBXFileReference; lastKnownFileType = image.png; path = camera.png; sourceTree = "<group>"; };
		5EA865DD1BA8E1A5006F57D9 /* imageborder.png */ = {isa = PBXFileReference; lastKnownFileType = image.png; path = imageborder.png; sourceTree = "<group>"; };
		5EAA067A1CC2CBB800628730 /* itemPicker.swift */ = {isa = PBXFileReference; fileEncoding = 4; lastKnownFileType = sourcecode.swift; path = itemPicker.swift; sourceTree = "<group>"; };
		5EBF2DDD1CC30F5400C84A4F /* receiptController.swift */ = {isa = PBXFileReference; fileEncoding = 4; lastKnownFileType = sourcecode.swift; path = receiptController.swift; sourceTree = "<group>"; };
		5EBF2DE11CC3194D00C84A4F /* delete.png */ = {isa = PBXFileReference; lastKnownFileType = image.png; path = delete.png; sourceTree = "<group>"; };
		5EBF2DE71CC31E8800C84A4F /* Businessreceipt.png */ = {isa = PBXFileReference; lastKnownFileType = image.png; path = Businessreceipt.png; sourceTree = "<group>"; };
		5EBF2DE81CC31E8800C84A4F /* Personalreceipt.png */ = {isa = PBXFileReference; lastKnownFileType = image.png; path = Personalreceipt.png; sourceTree = "<group>"; };
		5EBF2DEB1CC3281D00C84A4F /* receiptTableCell.swift */ = {isa = PBXFileReference; fileEncoding = 4; lastKnownFileType = sourcecode.swift; path = receiptTableCell.swift; sourceTree = "<group>"; };
		5EBF2DED1CC3325F00C84A4F /* Data.swift */ = {isa = PBXFileReference; fileEncoding = 4; lastKnownFileType = sourcecode.swift; path = Data.swift; sourceTree = "<group>"; };
		5EBF2DEF1CC341FB00C84A4F /* Personalback.png */ = {isa = PBXFileReference; lastKnownFileType = image.png; path = Personalback.png; sourceTree = "<group>"; };
		5EBF2DF01CC341FB00C84A4F /* Businessback.png */ = {isa = PBXFileReference; lastKnownFileType = image.png; path = Businessback.png; sourceTree = "<group>"; };
		5EBF2DF71CC3499900C84A4F /* singleReceipt.swift */ = {isa = PBXFileReference; fileEncoding = 4; lastKnownFileType = sourcecode.swift; name = singleReceipt.swift; path = ../singleReceipt.swift; sourceTree = "<group>"; };
/* End PBXFileReference section */

/* Begin PBXFrameworksBuildPhase section */
		5E71BBA41B9E5CB900628AFA /* Frameworks */ = {
			isa = PBXFrameworksBuildPhase;
			buildActionMask = 2147483647;
			files = (
			);
			runOnlyForDeploymentPostprocessing = 0;
		};
		5E71BBB91B9E5CB900628AFA /* Frameworks */ = {
			isa = PBXFrameworksBuildPhase;
			buildActionMask = 2147483647;
			files = (
			);
			runOnlyForDeploymentPostprocessing = 0;
		};
/* End PBXFrameworksBuildPhase section */

/* Begin PBXGroup section */
		5E71BB9E1B9E5CB900628AFA = {
			isa = PBXGroup;
			children = (
				5E71BBA91B9E5CB900628AFA /* iReceipts */,
				5E71BBBF1B9E5CB900628AFA /* iReceiptsTests */,
				5E71BBA81B9E5CB900628AFA /* Products */,
			);
			sourceTree = "<group>";
		};
		5E71BBA81B9E5CB900628AFA /* Products */ = {
			isa = PBXGroup;
			children = (
				5E71BBA71B9E5CB900628AFA /* iReceipts.app */,
				5E71BBBC1B9E5CB900628AFA /* iReceiptsTests.xctest */,
			);
			name = Products;
			sourceTree = "<group>";
		};
		5E71BBA91B9E5CB900628AFA /* iReceipts */ = {
			isa = PBXGroup;
			children = (
				5EBF2DF71CC3499900C84A4F /* singleReceipt.swift */,
				5E71BBAC1B9E5CB900628AFA /* AppDelegate.swift */,
				5E71BBAE1B9E5CB900628AFA /* ViewController.swift */,
				5EA865BB1BA2472F006F57D9 /* nRecViewController.swift */,
				5EA865C91BA383DB006F57D9 /* chooseCard.swift */,
				5EA865CD1BA4865D006F57D9 /* chooseTrip.swift */,
				5EA865CB1BA3878E006F57D9 /* datePicker.swift */,
				5EA865BD1BA24D2E006F57D9 /* listOfTrips.swift */,
				5EA865BF1BA25D0D006F57D9 /* individualTrip.swift */,
				5EA865C51BA2695F006F57D9 /* creditCardList.swift */,
				5EA865C71BA26970006F57D9 /* individualCard.swift */,
				5EA865D71BA8DE20006F57D9 /* chooseImage.swift */,
				5EAA067A1CC2CBB800628730 /* itemPicker.swift */,
				5EBF2DDD1CC30F5400C84A4F /* receiptController.swift */,
				5EBF2DEB1CC3281D00C84A4F /* receiptTableCell.swift */,
				5E9AD5151CCAB7F8007A7221 /* remindersList.swift */,
				5E9AD5171CCAB807007A7221 /* individualReminder.swift */,
				5E71BBB01B9E5CB900628AFA /* Main.storyboard */,
				5E71BBB31B9E5CB900628AFA /* Images.xcassets */,
				5EBF2DEF1CC341FB00C84A4F /* Personalback.png */,
				5EBF2DF01CC341FB00C84A4F /* Businessback.png */,
				5EBF2DE71CC31E8800C84A4F /* Businessreceipt.png */,
				5EBF2DE81CC31E8800C84A4F /* Personalreceipt.png */,
				5EBF2DE11CC3194D00C84A4F /* delete.png */,
				5EA8659F1B9F8D9F006F57D9 /* businessf.png */,
				5EA865A11B9F8D9F006F57D9 /* personalf.png */,
				5EA865A71B9F8ECF006F57D9 /* businessuf.png */,
				5EA865A81B9F8ECF006F57D9 /* personaluf.png */,
				5EA865AB1B9F97C4006F57D9 /* paymentf.png */,
				5EA865AC1B9F97C4006F57D9 /* paymentuf.png */,
				5EA865AF1B9F9C6C006F57D9 /* checked.png */,
				5EA865B01B9F9C6C006F57D9 /* unchecked.png */,
				5EA865B51BA23F2C006F57D9 /* itpurectangle.png */,
				5EA865B71BA241E0006F57D9 /* itpurectanglem.png */,
				5EA865B81BA241E0006F57D9 /* itpurectangles.png */,
				5EA865CF1BA8DBE6006F57D9 /* imageoutline.png */,
				5EA865D51BA8DD3C006F57D9 /* photo2.png */,
				5EA865D91BA8E013006F57D9 /* camera.png */,
				5EA865DD1BA8E1A5006F57D9 /* imageborder.png */,
				5E71BBB51B9E5CB900628AFA /* LaunchScreen.xib */,
				5E71BBAA1B9E5CB900628AFA /* Supporting Files */,
				5EBF2DED1CC3325F00C84A4F /* Data.swift */,
			);
			path = iReceipts;
			sourceTree = "<group>";
		};
		5E71BBAA1B9E5CB900628AFA /* Supporting Files */ = {
			isa = PBXGroup;
			children = (
				5E71BBAB1B9E5CB900628AFA /* Info.plist */,
			);
			name = "Supporting Files";
			sourceTree = "<group>";
		};
		5E71BBBF1B9E5CB900628AFA /* iReceiptsTests */ = {
			isa = PBXGroup;
			children = (
				5E71BBC21B9E5CB900628AFA /* iReceiptsTests.swift */,
				5E71BBC01B9E5CB900628AFA /* Supporting Files */,
			);
			path = iReceiptsTests;
			sourceTree = "<group>";
		};
		5E71BBC01B9E5CB900628AFA /* Supporting Files */ = {
			isa = PBXGroup;
			children = (
				5E71BBC11B9E5CB900628AFA /* Info.plist */,
			);
			name = "Supporting Files";
			sourceTree = "<group>";
		};
/* End PBXGroup section */

/* Begin PBXNativeTarget section */
		5E71BBA61B9E5CB900628AFA /* iReceipts */ = {
			isa = PBXNativeTarget;
			buildConfigurationList = 5E71BBC61B9E5CB900628AFA /* Build configuration list for PBXNativeTarget "iReceipts" */;
			buildPhases = (
				5E71BBA31B9E5CB900628AFA /* Sources */,
				5E71BBA41B9E5CB900628AFA /* Frameworks */,
				5E71BBA51B9E5CB900628AFA /* Resources */,
			);
			buildRules = (
			);
			dependencies = (
			);
			name = iReceipts;
			productName = iReceipts;
			productReference = 5E71BBA71B9E5CB900628AFA /* iReceipts.app */;
			productType = "com.apple.product-type.application";
		};
		5E71BBBB1B9E5CB900628AFA /* iReceiptsTests */ = {
			isa = PBXNativeTarget;
			buildConfigurationList = 5E71BBC91B9E5CB900628AFA /* Build configuration list for PBXNativeTarget "iReceiptsTests" */;
			buildPhases = (
				5E71BBB81B9E5CB900628AFA /* Sources */,
				5E71BBB91B9E5CB900628AFA /* Frameworks */,
				5E71BBBA1B9E5CB900628AFA /* Resources */,
			);
			buildRules = (
			);
			dependencies = (
				5E71BBBE1B9E5CB900628AFA /* PBXTargetDependency */,
			);
			name = iReceiptsTests;
			productName = iReceiptsTests;
			productReference = 5E71BBBC1B9E5CB900628AFA /* iReceiptsTests.xctest */;
			productType = "com.apple.product-type.bundle.unit-test";
		};
/* End PBXNativeTarget section */

/* Begin PBXProject section */
		5E71BB9F1B9E5CB900628AFA /* Project object */ = {
			isa = PBXProject;
			attributes = {
				LastSwiftUpdateCheck = 0700;
				LastUpgradeCheck = 0640;
				ORGANIZATIONNAME = "George Saieed";
				TargetAttributes = {
					5E71BBA61B9E5CB900628AFA = {
						CreatedOnToolsVersion = 6.4;
						DevelopmentTeam = 6HAPHNN2W5;
					};
					5E71BBBB1B9E5CB900628AFA = {
						CreatedOnToolsVersion = 6.4;
						TestTargetID = 5E71BBA61B9E5CB900628AFA;
					};
				};
			};
			buildConfigurationList = 5E71BBA21B9E5CB900628AFA /* Build configuration list for PBXProject "iReceipts" */;
			compatibilityVersion = "Xcode 3.2";
			developmentRegion = English;
			hasScannedForEncodings = 0;
			knownRegions = (
				en,
				Base,
			);
			mainGroup = 5E71BB9E1B9E5CB900628AFA;
			productRefGroup = 5E71BBA81B9E5CB900628AFA /* Products */;
			projectDirPath = "";
			projectRoot = "";
			targets = (
				5E71BBA61B9E5CB900628AFA /* iReceipts */,
				5E71BBBB1B9E5CB900628AFA /* iReceiptsTests */,
			);
		};
/* End PBXProject section */

/* Begin PBXResourcesBuildPhase section */
		5E71BBA51B9E5CB900628AFA /* Resources */ = {
			isa = PBXResourcesBuildPhase;
			buildActionMask = 2147483647;
			files = (
				5EBF2DF11CC341FB00C84A4F /* Personalback.png in Resources */,
				5EBF2DEA1CC31E8800C84A4F /* Personalreceipt.png in Resources */,
				5EBF2DE91CC31E8800C84A4F /* Businessreceipt.png in Resources */,
				5EBF2DE21CC3194D00C84A4F /* delete.png in Resources */,
				5EA865A31B9F8D9F006F57D9 /* businessf.png in Resources */,
				5EA865A51B9F8D9F006F57D9 /* personalf.png in Resources */,
				5EA865A91B9F8ECF006F57D9 /* businessuf.png in Resources */,
				5EA865AA1B9F8ECF006F57D9 /* personaluf.png in Resources */,
				5EA865AD1B9F97C4006F57D9 /* paymentf.png in Resources */,
				5EA865B21B9F9C6C006F57D9 /* unchecked.png in Resources */,
				5EA865AE1B9F97C4006F57D9 /* paymentuf.png in Resources */,
				5EBF2DF21CC341FB00C84A4F /* Businessback.png in Resources */,
				5EA865B11B9F9C6C006F57D9 /* checked.png in Resources */,
				5EA865B61BA23F2C006F57D9 /* itpurectangle.png in Resources */,
				5EA865D01BA8DBE6006F57D9 /* imageoutline.png in Resources */,
				5EA865D61BA8DD3C006F57D9 /* photo2.png in Resources */,
				5EA865BA1BA241E0006F57D9 /* itpurectangles.png in Resources */,
				5EA865DE1BA8E1A5006F57D9 /* imageborder.png in Resources */,
				5EA865DA1BA8E013006F57D9 /* camera.png in Resources */,
				5EA865B91BA241E0006F57D9 /* itpurectanglem.png in Resources */,
				5E71BBB21B9E5CB900628AFA /* Main.storyboard in Resources */,
				5E71BBB71B9E5CB900628AFA /* LaunchScreen.xib in Resources */,
				5E71BBB41B9E5CB900628AFA /* Images.xcassets in Resources */,
			);
			runOnlyForDeploymentPostprocessing = 0;
		};
		5E71BBBA1B9E5CB900628AFA /* Resources */ = {
			isa = PBXResourcesBuildPhase;
			buildActionMask = 2147483647;
			files = (
			);
			runOnlyForDeploymentPostprocessing = 0;
		};
/* End PBXResourcesBuildPhase section */

/* Begin PBXSourcesBuildPhase section */
		5E71BBA31B9E5CB900628AFA /* Sources */ = {
			isa = PBXSourcesBuildPhase;
			buildActionMask = 2147483647;
			files = (
				5EA865C61BA2695F006F57D9 /* creditCardList.swift in Sources */,
				5EBF2DEE1CC3325F00C84A4F /* Data.swift in Sources */,
				5EA865BC1BA2472F006F57D9 /* nRecViewController.swift in Sources */,
				5E71BBAF1B9E5CB900628AFA /* ViewController.swift in Sources */,
				5EA865CC1BA3878E006F57D9 /* datePicker.swift in Sources */,
				5EAA067B1CC2CBB800628730 /* itemPicker.swift in Sources */,
				5E71BBAD1B9E5CB900628AFA /* AppDelegate.swift in Sources */,
				5E9AD5161CCAB7F8007A7221 /* remindersList.swift in Sources */,
				5EA865C81BA26970006F57D9 /* individualCard.swift in Sources */,
				5EBF2DDE1CC30F5400C84A4F /* receiptController.swift in Sources */,
				5E9AD5181CCAB807007A7221 /* individualReminder.swift in Sources */,
				5EA865BE1BA24D2E006F57D9 /* listOfTrips.swift in Sources */,
				5EA865D81BA8DE20006F57D9 /* chooseImage.swift in Sources */,
				5EA865CE1BA4865D006F57D9 /* chooseTrip.swift in Sources */,
				5EBF2DF81CC3499900C84A4F /* singleReceipt.swift in Sources */,
				5EA865CA1BA383DB006F57D9 /* chooseCard.swift in Sources */,
				5EA865C01BA25D0D006F57D9 /* individualTrip.swift in Sources */,
				5EBF2DEC1CC3281D00C84A4F /* receiptTableCell.swift in Sources */,
			);
			runOnlyForDeploymentPostprocessing = 0;
		};
		5E71BBB81B9E5CB900628AFA /* Sources */ = {
			isa = PBXSourcesBuildPhase;
			buildActionMask = 2147483647;
			files = (
				5E71BBC31B9E5CB900628AFA /* iReceiptsTests.swift in Sources */,
			);
			runOnlyForDeploymentPostprocessing = 0;
		};
/* End PBXSourcesBuildPhase section */

/* Begin PBXTargetDependency section */
		5E71BBBE1B9E5CB900628AFA /* PBXTargetDependency */ = {
			isa = PBXTargetDependency;
			target = 5E71BBA61B9E5CB900628AFA /* iReceipts */;
			targetProxy = 5E71BBBD1B9E5CB900628AFA /* PBXContainerItemProxy */;
		};
/* End PBXTargetDependency section */

/* Begin PBXVariantGroup section */
		5E71BBB01B9E5CB900628AFA /* Main.storyboard */ = {
			isa = PBXVariantGroup;
			children = (
				5E71BBB11B9E5CB900628AFA /* Base */,
			);
			name = Main.storyboard;
			sourceTree = "<group>";
		};
		5E71BBB51B9E5CB900628AFA /* LaunchScreen.xib */ = {
			isa = PBXVariantGroup;
			children = (
				5E71BBB61B9E5CB900628AFA /* Base */,
			);
			name = LaunchScreen.xib;
			sourceTree = "<group>";
		};
/* End PBXVariantGroup section */

/* Begin XCBuildConfiguration section */
		5E71BBC41B9E5CB900628AFA /* Debug */ = {
			isa = XCBuildConfiguration;
			buildSettings = {
				ALWAYS_SEARCH_USER_PATHS = NO;
				CLANG_CXX_LANGUAGE_STANDARD = "gnu++0x";
				CLANG_CXX_LIBRARY = "libc++";
				CLANG_ENABLE_MODULES = YES;
				CLANG_ENABLE_OBJC_ARC = YES;
				CLANG_WARN_BOOL_CONVERSION = YES;
				CLANG_WARN_CONSTANT_CONVERSION = YES;
				CLANG_WARN_DIRECT_OBJC_ISA_USAGE = YES_ERROR;
				CLANG_WARN_EMPTY_BODY = YES;
				CLANG_WARN_ENUM_CONVERSION = YES;
				CLANG_WARN_INT_CONVERSION = YES;
				CLANG_WARN_OBJC_ROOT_CLASS = YES_ERROR;
				CLANG_WARN_UNREACHABLE_CODE = YES;
				CLANG_WARN__DUPLICATE_METHOD_MATCH = YES;
				"CODE_SIGN_IDENTITY[sdk=iphoneos*]" = "iPhone Developer";
				COPY_PHASE_STRIP = NO;
				DEBUG_INFORMATION_FORMAT = "dwarf-with-dsym";
				ENABLE_STRICT_OBJC_MSGSEND = YES;
				GCC_C_LANGUAGE_STANDARD = gnu99;
				GCC_DYNAMIC_NO_PIC = NO;
				GCC_NO_COMMON_BLOCKS = YES;
				GCC_OPTIMIZATION_LEVEL = 0;
				GCC_PREPROCESSOR_DEFINITIONS = (
					"DEBUG=1",
					"$(inherited)",
				);
				GCC_SYMBOLS_PRIVATE_EXTERN = NO;
				GCC_WARN_64_TO_32_BIT_CONVERSION = YES;
				GCC_WARN_ABOUT_RETURN_TYPE = YES_ERROR;
				GCC_WARN_UNDECLARED_SELECTOR = YES;
				GCC_WARN_UNINITIALIZED_AUTOS = YES_AGGRESSIVE;
				GCC_WARN_UNUSED_FUNCTION = YES;
				GCC_WARN_UNUSED_VARIABLE = YES;
				IPHONEOS_DEPLOYMENT_TARGET = 8.4;
				MTL_ENABLE_DEBUG_INFO = YES;
				ONLY_ACTIVE_ARCH = YES;
				SDKROOT = iphoneos;
				SWIFT_OPTIMIZATION_LEVEL = "-Onone";
			};
			name = Debug;
		};
		5E71BBC51B9E5CB900628AFA /* Release */ = {
			isa = XCBuildConfiguration;
			buildSettings = {
				ALWAYS_SEARCH_USER_PATHS = NO;
				CLANG_CXX_LANGUAGE_STANDARD = "gnu++0x";
				CLANG_CXX_LIBRARY = "libc++";
				CLANG_ENABLE_MODULES = YES;
				CLANG_ENABLE_OBJC_ARC = YES;
				CLANG_WARN_BOOL_CONVERSION = YES;
				CLANG_WARN_CONSTANT_CONVERSION = YES;
				CLANG_WARN_DIRECT_OBJC_ISA_USAGE = YES_ERROR;
				CLANG_WARN_EMPTY_BODY = YES;
				CLANG_WARN_ENUM_CONVERSION = YES;
				CLANG_WARN_INT_CONVERSION = YES;
				CLANG_WARN_OBJC_ROOT_CLASS = YES_ERROR;
				CLANG_WARN_UNREACHABLE_CODE = YES;
				CLANG_WARN__DUPLICATE_METHOD_MATCH = YES;
				"CODE_SIGN_IDENTITY[sdk=iphoneos*]" = "iPhone Developer";
				COPY_PHASE_STRIP = NO;
				DEBUG_INFORMATION_FORMAT = "dwarf-with-dsym";
				ENABLE_NS_ASSERTIONS = NO;
				ENABLE_STRICT_OBJC_MSGSEND = YES;
				GCC_C_LANGUAGE_STANDARD = gnu99;
				GCC_NO_COMMON_BLOCKS = YES;
				GCC_WARN_64_TO_32_BIT_CONVERSION = YES;
				GCC_WARN_ABOUT_RETURN_TYPE = YES_ERROR;
				GCC_WARN_UNDECLARED_SELECTOR = YES;
				GCC_WARN_UNINITIALIZED_AUTOS = YES_AGGRESSIVE;
				GCC_WARN_UNUSED_FUNCTION = YES;
				GCC_WARN_UNUSED_VARIABLE = YES;
				IPHONEOS_DEPLOYMENT_TARGET = 8.4;
				MTL_ENABLE_DEBUG_INFO = NO;
				SDKROOT = iphoneos;
				VALIDATE_PRODUCT = YES;
			};
			name = Release;
		};
		5E71BBC71B9E5CB900628AFA /* Debug */ = {
			isa = XCBuildConfiguration;
			buildSettings = {
				ASSETCATALOG_COMPILER_APPICON_NAME = AppIcon;
				CODE_SIGN_IDENTITY = "iPhone Developer";
				"CODE_SIGN_IDENTITY[sdk=iphoneos*]" = "iPhone Developer";
				INFOPLIST_FILE = iReceipts/Info.plist;
				LD_RUNPATH_SEARCH_PATHS = "$(inherited) @executable_path/Frameworks";
				PRODUCT_NAME = "$(TARGET_NAME)";
				PROVISIONING_PROFILE = "";
			};
			name = Debug;
		};
		5E71BBC81B9E5CB900628AFA /* Release */ = {
			isa = XCBuildConfiguration;
			buildSettings = {
				ASSETCATALOG_COMPILER_APPICON_NAME = AppIcon;
				CODE_SIGN_IDENTITY = "iPhone Developer";
				"CODE_SIGN_IDENTITY[sdk=iphoneos*]" = "iPhone Developer";
				INFOPLIST_FILE = iReceipts/Info.plist;
				LD_RUNPATH_SEARCH_PATHS = "$(inherited) @executable_path/Frameworks";
				PRODUCT_NAME = "$(TARGET_NAME)";
				PROVISIONING_PROFILE = "";
			};
			name = Release;
		};
		5E71BBCA1B9E5CB900628AFA /* Debug */ = {
			isa = XCBuildConfiguration;
			buildSettings = {
				BUNDLE_LOADER = "$(TEST_HOST)";
				FRAMEWORK_SEARCH_PATHS = (
					"$(SDKROOT)/Developer/Library/Frameworks",
					"$(inherited)",
				);
				GCC_PREPROCESSOR_DEFINITIONS = (
					"DEBUG=1",
					"$(inherited)",
				);
				INFOPLIST_FILE = iReceiptsTests/Info.plist;
				LD_RUNPATH_SEARCH_PATHS = "$(inherited) @executable_path/Frameworks @loader_path/Frameworks";
				PRODUCT_NAME = "$(TARGET_NAME)";
				TEST_HOST = "$(BUILT_PRODUCTS_DIR)/iReceipts.app/iReceipts";
			};
			name = Debug;
		};
		5E71BBCB1B9E5CB900628AFA /* Release */ = {
			isa = XCBuildConfiguration;
			buildSettings = {
				BUNDLE_LOADER = "$(TEST_HOST)";
				FRAMEWORK_SEARCH_PATHS = (
					"$(SDKROOT)/Developer/Library/Frameworks",
					"$(inherited)",
				);
				INFOPLIST_FILE = iReceiptsTests/Info.plist;
				LD_RUNPATH_SEARCH_PATHS = "$(inherited) @executable_path/Frameworks @loader_path/Frameworks";
				PRODUCT_NAME = "$(TARGET_NAME)";
				TEST_HOST = "$(BUILT_PRODUCTS_DIR)/iReceipts.app/iReceipts";
			};
			name = Release;
		};
/* End XCBuildConfiguration section */

/* Begin XCConfigurationList section */
		5E71BBA21B9E5CB900628AFA /* Build configuration list for PBXProject "iReceipts" */ = {
			isa = XCConfigurationList;
			buildConfigurations = (
				5E71BBC41B9E5CB900628AFA /* Debug */,
				5E71BBC51B9E5CB900628AFA /* Release */,
			);
			defaultConfigurationIsVisible = 0;
			defaultConfigurationName = Release;
		};
		5E71BBC61B9E5CB900628AFA /* Build configuration list for PBXNativeTarget "iReceipts" */ = {
			isa = XCConfigurationList;
			buildConfigurations = (
				5E71BBC71B9E5CB900628AFA /* Debug */,
				5E71BBC81B9E5CB900628AFA /* Release */,
			);
			defaultConfigurationIsVisible = 0;
			defaultConfigurationName = Release;
		};
		5E71BBC91B9E5CB900628AFA /* Build configuration list for PBXNativeTarget "iReceiptsTests" */ = {
			isa = XCConfigurationList;
			buildConfigurations = (
				5E71BBCA1B9E5CB900628AFA /* Debug */,
				5E71BBCB1B9E5CB900628AFA /* Release */,
			);
			defaultConfigurationIsVisible = 0;
			defaultConfigurationName = Release;
		};
/* End XCConfigurationList section */
	};
	rootObject = 5E71BB9F1B9E5CB900628AFA /* Project object */;
}
